
Microsoft Visual Studio Solution File, Format Version 12.00
# Visual Studio Version 17
VisualStudioVersion = 17.7.34024.191
MinimumVisualStudioVersion = 10.0.40219.1
Project("{FAE04EC0-301F-11D3-BF4B-00C04F79EFBC}") = "Append file", "Append file.csproj", "{5D2B100E-5BA6-4B6B-BFB5-92F44FE96531}"
EndProject
Global
	GlobalSection(SolutionConfigurationPlatforms) = preSolution
		Debug|Any CPU = Debug|Any CPU
		Release|Any CPU = Release|Any CPU
	EndGlobalSection
	GlobalSection(ProjectConfigurationPlatforms) = postSolution
		{5D2B100E-5BA6-4B6B-BFB5-92F44FE96531}.Debug|Any CPU.ActiveCfg = Debug|Any CPU
		{5D2B100E-5BA6-4B6B-BFB5-92F44FE96531}.Debug|Any CPU.Build.0 = Debug|Any CPU
		{5D2B100E-5BA6-4B6B-BFB5-92F44FE96531}.Release|Any CPU.ActiveCfg = Release|Any CPU
		{5D2B100E-5BA6-4B6B-BFB5-92F44FE96531}.Release|Any CPU.Build.0 = Release|Any CPU
	EndGlobalSection
	GlobalSection(SolutionProperties) = preSolution
		HideSolutionNode = FALSE
	EndGlobalSection
	GlobalSection(ExtensibilityGlobals) = postSolution
		SolutionGuid = {713604C7-7AB5-4403-88FC-4E5BA2A895DF}
	EndGlobalSection
EndGlobal
